
Microsoft Visual Studio Solution File, Format Version 12.00
# Visual Studio Version 17
VisualStudioVersion = 17.4.33213.308
MinimumVisualStudioVersion = 10.0.40219.1
Project("{9A19103F-16F7-4668-BE54-9A1E7A4F7556}") = "WPFSlidePanel", "WPFSlidePanel\WPFSlidePanel.csproj", "{E5F85018-2919-4372-A21A-69778875D0F5}"
EndProject
Project("{FAE04EC0-301F-11D3-BF4B-00C04F79EFBC}") = "WPFControls", "WPFControls\WPFControls.csproj", "{ABB96CE1-4EDD-447F-A63E-2B2FB6619A9E}"
EndProject
Global
	GlobalSection(SolutionConfigurationPlatforms) = preSolution
		Debug|Any CPU = Debug|Any CPU
		Release|Any CPU = Release|Any CPU
	EndGlobalSection
	GlobalSection(ProjectConfigurationPlatforms) = postSolution
		{E5F85018-2919-4372-A21A-69778875D0F5}.Debug|Any CPU.ActiveCfg = Debug|Any CPU
		{E5F85018-2919-4372-A21A-69778875D0F5}.Debug|Any CPU.Build.0 = Debug|Any CPU
		{E5F85018-2919-4372-A21A-69778875D0F5}.Release|Any CPU.ActiveCfg = Release|Any CPU
		{E5F85018-2919-4372-A21A-69778875D0F5}.Release|Any CPU.Build.0 = Release|Any CPU
		{ABB96CE1-4EDD-447F-A63E-2B2FB6619A9E}.Debug|Any CPU.ActiveCfg = Debug|Any CPU
		{ABB96CE1-4EDD-447F-A63E-2B2FB6619A9E}.Debug|Any CPU.Build.0 = Debug|Any CPU
		{ABB96CE1-4EDD-447F-A63E-2B2FB6619A9E}.Release|Any CPU.ActiveCfg = Release|Any CPU
		{ABB96CE1-4EDD-447F-A63E-2B2FB6619A9E}.Release|Any CPU.Build.0 = Release|Any CPU
	EndGlobalSection
	GlobalSection(SolutionProperties) = preSolution
		HideSolutionNode = FALSE
	EndGlobalSection
	GlobalSection(ExtensibilityGlobals) = postSolution
		SolutionGuid = {1281F8F0-8877-4C6C-A30A-7181B3676E03}
	EndGlobalSection
EndGlobal
